// !$*UTF8*$!
{
	archiveVersion = 1;
	classes = {
	};
	objectVersion = 46;
	objects = {

/* Begin PBXBuildFile section */
		67538EEE1B496E0000E7753D /* AppDelegate.swift in Sources */ = {isa = PBXBuildFile; fileRef = 67538EED1B496E0000E7753D /* AppDelegate.swift */; };
		67538EF01B496E0000E7753D /* ViewController.swift in Sources */ = {isa = PBXBuildFile; fileRef = 67538EEF1B496E0000E7753D /* ViewController.swift */; };
		67538EF31B496E0000E7753D /* Main.storyboard in Resources */ = {isa = PBXBuildFile; fileRef = 67538EF11B496E0000E7753D /* Main.storyboard */; };
		67538EF51B496E0000E7753D /* Images.xcassets in Resources */ = {isa = PBXBuildFile; fileRef = 67538EF41B496E0000E7753D /* Images.xcassets */; };
		67538EF81B496E0000E7753D /* LaunchScreen.xib in Resources */ = {isa = PBXBuildFile; fileRef = 67538EF61B496E0000E7753D /* LaunchScreen.xib */; };
		67538F041B496E0000E7753D /* DBFMTests.swift in Sources */ = {isa = PBXBuildFile; fileRef = 67538F031B496E0000E7753D /* DBFMTests.swift */; };
		67538F0E1B49745900E7753D /* Ekoimage.swift in Sources */ = {isa = PBXBuildFile; fileRef = 67538F0D1B49745900E7753D /* Ekoimage.swift */; };
		67538F101B49765300E7753D /* ChannelController.swift in Sources */ = {isa = PBXBuildFile; fileRef = 67538F0F1B49765300E7753D /* ChannelController.swift */; };
		67538F121B4977C100E7753D /* HTTpController.swift in Sources */ = {isa = PBXBuildFile; fileRef = 67538F111B4977C100E7753D /* HTTpController.swift */; };
		67538F2D1B497A9600E7753D /* Alamofire.swift in Sources */ = {isa = PBXBuildFile; fileRef = 67538F2B1B497A9600E7753D /* Alamofire.swift */; };
		67538F2E1B497A9600E7753D /* SwiftyJSON.swift in Sources */ = {isa = PBXBuildFile; fileRef = 67538F2C1B497A9600E7753D /* SwiftyJSON.swift */; };
		67791D831B4A39E700578946 /* EkoButton.swift in Sources */ = {isa = PBXBuildFile; fileRef = 67791D821B4A39E700578946 /* EkoButton.swift */; };
		67791D851B4A688900578946 /* OrderButton.swift in Sources */ = {isa = PBXBuildFile; fileRef = 67791D841B4A688900578946 /* OrderButton.swift */; };
/* End PBXBuildFile section */

/* Begin PBXContainerItemProxy section */
		67538EFE1B496E0000E7753D /* PBXContainerItemProxy */ = {
			isa = PBXContainerItemProxy;
			containerPortal = 67538EE01B496E0000E7753D /* Project object */;
			proxyType = 1;
			remoteGlobalIDString = 67538EE71B496E0000E7753D;
			remoteInfo = DBFM;
		};
/* End PBXContainerItemProxy section */

/* Begin PBXFileReference section */
		67538EE81B496E0000E7753D /* DBFM.app */ = {isa = PBXFileReference; explicitFileType = wrapper.application; includeInIndex = 0; path = DBFM.app; sourceTree = BUILT_PRODUCTS_DIR; };
		67538EEC1B496E0000E7753D /* Info.plist */ = {isa = PBXFileReference; lastKnownFileType = text.plist.xml; path = Info.plist; sourceTree = "<group>"; };
		67538EED1B496E0000E7753D /* AppDelegate.swift */ = {isa = PBXFileReference; lastKnownFileType = sourcecode.swift; path = AppDelegate.swift; sourceTree = "<group>"; };
		67538EEF1B496E0000E7753D /* ViewController.swift */ = {isa = PBXFileReference; lastKnownFileType = sourcecode.swift; path = ViewController.swift; sourceTree = "<group>"; };
		67538EF21B496E0000E7753D /* Base */ = {isa = PBXFileReference; lastKnownFileType = file.storyboard; name = Base; path = Base.lproj/Main.storyboard; sourceTree = "<group>"; };
		67538EF41B496E0000E7753D /* Images.xcassets */ = {isa = PBXFileReference; lastKnownFileType = folder.assetcatalog; path = Images.xcassets; sourceTree = "<group>"; };
		67538EF71B496E0000E7753D /* Base */ = {isa = PBXFileReference; lastKnownFileType = file.xib; name = Base; path = Base.lproj/LaunchScreen.xib; sourceTree = "<group>"; };
		67538EFD1B496E0000E7753D /* DBFMTests.xctest */ = {isa = PBXFileReference; explicitFileType = wrapper.cfbundle; includeInIndex = 0; path = DBFMTests.xctest; sourceTree = BUILT_PRODUCTS_DIR; };
		67538F021B496E0000E7753D /* Info.plist */ = {isa = PBXFileReference; lastKnownFileType = text.plist.xml; path = Info.plist; sourceTree = "<group>"; };
		67538F031B496E0000E7753D /* DBFMTests.swift */ = {isa = PBXFileReference; lastKnownFileType = sourcecode.swift; path = DBFMTests.swift; sourceTree = "<group>"; };
		67538F0D1B49745900E7753D /* Ekoimage.swift */ = {isa = PBXFileReference; fileEncoding = 4; lastKnownFileType = sourcecode.swift; path = Ekoimage.swift; sourceTree = "<group>"; };
		67538F0F1B49765300E7753D /* ChannelController.swift */ = {isa = PBXFileReference; fileEncoding = 4; lastKnownFileType = sourcecode.swift; path = ChannelController.swift; sourceTree = "<group>"; };
		67538F111B4977C100E7753D /* HTTpController.swift */ = {isa = PBXFileReference; fileEncoding = 4; lastKnownFileType = sourcecode.swift; path = HTTpController.swift; sourceTree = "<group>"; };
		67538F2B1B497A9600E7753D /* Alamofire.swift */ = {isa = PBXFileReference; fileEncoding = 4; lastKnownFileType = sourcecode.swift; path = Alamofire.swift; sourceTree = "<group>"; };
		67538F2C1B497A9600E7753D /* SwiftyJSON.swift */ = {isa = PBXFileReference; fileEncoding = 4; lastKnownFileType = sourcecode.swift; path = SwiftyJSON.swift; sourceTree = "<group>"; };
		67791D821B4A39E700578946 /* EkoButton.swift */ = {isa = PBXFileReference; fileEncoding = 4; lastKnownFileType = sourcecode.swift; path = EkoButton.swift; sourceTree = "<group>"; };
		67791D841B4A688900578946 /* OrderButton.swift */ = {isa = PBXFileReference; fileEncoding = 4; lastKnownFileType = sourcecode.swift; path = OrderButton.swift; sourceTree = "<group>"; };
/* End PBXFileReference section */

/* Begin PBXFrameworksBuildPhase section */
		67538EE51B496E0000E7753D /* Frameworks */ = {
			isa = PBXFrameworksBuildPhase;
			buildActionMask = 2147483647;
			files = (
			);
			runOnlyForDeploymentPostprocessing = 0;
		};
		67538EFA1B496E0000E7753D /* Frameworks */ = {
			isa = PBXFrameworksBuildPhase;
			buildActionMask = 2147483647;
			files = (
			);
			runOnlyForDeploymentPostprocessing = 0;
		};
/* End PBXFrameworksBuildPhase section */

/* Begin PBXGroup section */
		67538EDF1B496E0000E7753D = {
			isa = PBXGroup;
			children = (
				67538EEA1B496E0000E7753D /* DBFM */,
				67538F001B496E0000E7753D /* DBFMTests */,
				67538EE91B496E0000E7753D /* Products */,
			);
			sourceTree = "<group>";
		};
		67538EE91B496E0000E7753D /* Products */ = {
			isa = PBXGroup;
			children = (
				67538EE81B496E0000E7753D /* DBFM.app */,
				67538EFD1B496E0000E7753D /* DBFMTests.xctest */,
			);
			name = Products;
			sourceTree = "<group>";
		};
		67538EEA1B496E0000E7753D /* DBFM */ = {
			isa = PBXGroup;
			children = (
				67538EED1B496E0000E7753D /* AppDelegate.swift */,
				67538EEF1B496E0000E7753D /* ViewController.swift */,
				67791D821B4A39E700578946 /* EkoButton.swift */,
				67791D841B4A688900578946 /* OrderButton.swift */,
				67538EF11B496E0000E7753D /* Main.storyboard */,
				67538F111B4977C100E7753D /* HTTpController.swift */,
				67538F0F1B49765300E7753D /* ChannelController.swift */,
				67538F2B1B497A9600E7753D /* Alamofire.swift */,
				67538F2C1B497A9600E7753D /* SwiftyJSON.swift */,
				67538EF41B496E0000E7753D /* Images.xcassets */,
				67538F0D1B49745900E7753D /* Ekoimage.swift */,
				67538EF61B496E0000E7753D /* LaunchScreen.xib */,
				67538EEB1B496E0000E7753D /* Supporting Files */,
			);
			path = DBFM;
			sourceTree = "<group>";
		};
		67538EEB1B496E0000E7753D /* Supporting Files */ = {
			isa = PBXGroup;
			children = (
				67538EEC1B496E0000E7753D /* Info.plist */,
			);
			name = "Supporting Files";
			sourceTree = "<group>";
		};
		67538F001B496E0000E7753D /* DBFMTests */ = {
			isa = PBXGroup;
			children = (
				67538F031B496E0000E7753D /* DBFMTests.swift */,
				67538F011B496E0000E7753D /* Supporting Files */,
			);
			path = DBFMTests;
			sourceTree = "<group>";
		};
		67538F011B496E0000E7753D /* Supporting Files */ = {
			isa = PBXGroup;
			children = (
				67538F021B496E0000E7753D /* Info.plist */,
			);
			name = "Supporting Files";
			sourceTree = "<group>";
		};
/* End PBXGroup section */

/* Begin PBXNativeTarget section */
		67538EE71B496E0000E7753D /* DBFM */ = {
			isa = PBXNativeTarget;
			buildConfigurationList = 67538F071B496E0000E7753D /* Build configuration list for PBXNativeTarget "DBFM" */;
			buildPhases = (
				67538EE41B496E0000E7753D /* Sources */,
				67538EE51B496E0000E7753D /* Frameworks */,
				67538EE61B496E0000E7753D /* Resources */,
			);
			buildRules = (
			);
			dependencies = (
			);
			name = DBFM;
			productName = DBFM;
			productReference = 67538EE81B496E0000E7753D /* DBFM.app */;
			productType = "com.apple.product-type.application";
		};
		67538EFC1B496E0000E7753D /* DBFMTests */ = {
			isa = PBXNativeTarget;
			buildConfigurationList = 67538F0A1B496E0000E7753D /* Build configuration list for PBXNativeTarget "DBFMTests" */;
			buildPhases = (
				67538EF91B496E0000E7753D /* Sources */,
				67538EFA1B496E0000E7753D /* Frameworks */,
				67538EFB1B496E0000E7753D /* Resources */,
			);
			buildRules = (
			);
			dependencies = (
				67538EFF1B496E0000E7753D /* PBXTargetDependency */,
			);
			name = DBFMTests;
			productName = DBFMTests;
			productReference = 67538EFD1B496E0000E7753D /* DBFMTests.xctest */;
			productType = "com.apple.product-type.bundle.unit-test";
		};
/* End PBXNativeTarget section */

/* Begin PBXProject section */
		67538EE01B496E0000E7753D /* Project object */ = {
			isa = PBXProject;
			attributes = {
				LastSwiftUpdateCheck = 0700;
				LastUpgradeCheck = 0630;
				ORGANIZATIONNAME = lifubing;
				TargetAttributes = {
					67538EE71B496E0000E7753D = {
						CreatedOnToolsVersion = 6.3;
					};
					67538EFC1B496E0000E7753D = {
						CreatedOnToolsVersion = 6.3;
						TestTargetID = 67538EE71B496E0000E7753D;
					};
				};
			};
			buildConfigurationList = 67538EE31B496E0000E7753D /* Build configuration list for PBXProject "DBFM" */;
			compatibilityVersion = "Xcode 3.2";
			developmentRegion = English;
			hasScannedForEncodings = 0;
			knownRegions = (
				en,
				Base,
			);
			mainGroup = 67538EDF1B496E0000E7753D;
			productRefGroup = 67538EE91B496E0000E7753D /* Products */;
			projectDirPath = "";
			projectRoot = "";
			targets = (
				67538EE71B496E0000E7753D /* DBFM */,
				67538EFC1B496E0000E7753D /* DBFMTests */,
			);
		};
/* End PBXProject section */

/* Begin PBXResourcesBuildPhase section */
		67538EE61B496E0000E7753D /* Resources */ = {
			isa = PBXResourcesBuildPhase;
			buildActionMask = 2147483647;
			files = (
				67538EF31B496E0000E7753D /* Main.storyboard in Resources */,
				67538EF81B496E0000E7753D /* LaunchScreen.xib in Resources */,
				67538EF51B496E0000E7753D /* Images.xcassets in Resources */,
			);
			runOnlyForDeploymentPostprocessing = 0;
		};
		67538EFB1B496E0000E7753D /* Resources */ = {
			isa = PBXResourcesBuildPhase;
			buildActionMask = 2147483647;
			files = (
			);
			runOnlyForDeploymentPostprocessing = 0;
		};
/* End PBXResourcesBuildPhase section */

/* Begin PBXSourcesBuildPhase section */
		67538EE41B496E0000E7753D /* Sources */ = {
			isa = PBXSourcesBuildPhase;
			buildActionMask = 2147483647;
			files = (
				67538F2D1B497A9600E7753D /* Alamofire.swift in Sources */,
				67538EF01B496E0000E7753D /* ViewController.swift in Sources */,
				67538F0E1B49745900E7753D /* Ekoimage.swift in Sources */,
				67538EEE1B496E0000E7753D /* AppDelegate.swift in Sources */,
				67791D851B4A688900578946 /* OrderButton.swift in Sources */,
				67538F121B4977C100E7753D /* HTTpController.swift in Sources */,
				67791D831B4A39E700578946 /* EkoButton.swift in Sources */,
				67538F2E1B497A9600E7753D /* SwiftyJSON.swift in Sources */,
				67538F101B49765300E7753D /* ChannelController.swift in Sources */,
			);
			runOnlyForDeploymentPostprocessing = 0;
		};
		67538EF91B496E0000E7753D /* Sources */ = {
			isa = PBXSourcesBuildPhase;
			buildActionMask = 2147483647;
			files = (
				67538F041B496E0000E7753D /* DBFMTests.swift in Sources */,
			);
			runOnlyForDeploymentPostprocessing = 0;
		};
/* End PBXSourcesBuildPhase section */

/* Begin PBXTargetDependency section */
		67538EFF1B496E0000E7753D /* PBXTargetDependency */ = {
			isa = PBXTargetDependency;
			target = 67538EE71B496E0000E7753D /* DBFM */;
			targetProxy = 67538EFE1B496E0000E7753D /* PBXContainerItemProxy */;
		};
/* End PBXTargetDependency section */

/* Begin PBXVariantGroup section */
		67538EF11B496E0000E7753D /* Main.storyboard */ = {
			isa = PBXVariantGroup;
			children = (
				67538EF21B496E0000E7753D /* Base */,
			);
			name = Main.storyboard;
			sourceTree = "<group>";
		};
		67538EF61B496E0000E7753D /* LaunchScreen.xib */ = {
			isa = PBXVariantGroup;
			children = (
				67538EF71B496E0000E7753D /* Base */,
			);
			name = LaunchScreen.xib;
			sourceTree = "<group>";
		};
/* End PBXVariantGroup section */

/* Begin XCBuildConfiguration section */
		67538F051B496E0000E7753D /* Debug */ = {
			isa = XCBuildConfiguration;
			buildSettings = {
				ALWAYS_SEARCH_USER_PATHS = NO;
				CLANG_CXX_LANGUAGE_STANDARD = "gnu++0x";
				CLANG_CXX_LIBRARY = "libc++";
				CLANG_ENABLE_MODULES = YES;
				CLANG_ENABLE_OBJC_ARC = YES;
				CLANG_WARN_BOOL_CONVERSION = YES;
				CLANG_WARN_CONSTANT_CONVERSION = YES;
				CLANG_WARN_DIRECT_OBJC_ISA_USAGE = YES_ERROR;
				CLANG_WARN_EMPTY_BODY = YES;
				CLANG_WARN_ENUM_CONVERSION = YES;
				CLANG_WARN_INT_CONVERSION = YES;
				CLANG_WARN_OBJC_ROOT_CLASS = YES_ERROR;
				CLANG_WARN_UNREACHABLE_CODE = YES;
				CLANG_WARN__DUPLICATE_METHOD_MATCH = YES;
				"CODE_SIGN_IDENTITY[sdk=iphoneos*]" = "iPhone Developer";
				COPY_PHASE_STRIP = NO;
				DEBUG_INFORMATION_FORMAT = "dwarf-with-dsym";
				ENABLE_STRICT_OBJC_MSGSEND = YES;
				GCC_C_LANGUAGE_STANDARD = gnu99;
				GCC_DYNAMIC_NO_PIC = NO;
				GCC_NO_COMMON_BLOCKS = YES;
				GCC_OPTIMIZATION_LEVEL = 0;
				GCC_PREPROCESSOR_DEFINITIONS = (
					"DEBUG=1",
					"$(inherited)",
				);
				GCC_SYMBOLS_PRIVATE_EXTERN = NO;
				GCC_WARN_64_TO_32_BIT_CONVERSION = YES;
				GCC_WARN_ABOUT_RETURN_TYPE = YES_ERROR;
				GCC_WARN_UNDECLARED_SELECTOR = YES;
				GCC_WARN_UNINITIALIZED_AUTOS = YES_AGGRESSIVE;
				GCC_WARN_UNUSED_FUNCTION = YES;
				GCC_WARN_UNUSED_VARIABLE = YES;
				IPHONEOS_DEPLOYMENT_TARGET = 8.3;
				MTL_ENABLE_DEBUG_INFO = YES;
				ONLY_ACTIVE_ARCH = YES;
				SDKROOT = iphoneos;
				SWIFT_OPTIMIZATION_LEVEL = "-Onone";
			};
			name = Debug;
		};
		67538F061B496E0000E7753D /* Release */ = {
			isa = XCBuildConfiguration;
			buildSettings = {
				ALWAYS_SEARCH_USER_PATHS = NO;
				CLANG_CXX_LANGUAGE_STANDARD = "gnu++0x";
				CLANG_CXX_LIBRARY = "libc++";
				CLANG_ENABLE_MODULES = YES;
				CLANG_ENABLE_OBJC_ARC = YES;
				CLANG_WARN_BOOL_CONVERSION = YES;
				CLANG_WARN_CONSTANT_CONVERSION = YES;
				CLANG_WARN_DIRECT_OBJC_ISA_USAGE = YES_ERROR;
				CLANG_WARN_EMPTY_BODY = YES;
				CLANG_WARN_ENUM_CONVERSION = YES;
				CLANG_WARN_INT_CONVERSION = YES;
				CLANG_WARN_OBJC_ROOT_CLASS = YES_ERROR;
				CLANG_WARN_UNREACHABLE_CODE = YES;
				CLANG_WARN__DUPLICATE_METHOD_MATCH = YES;
				"CODE_SIGN_IDENTITY[sdk=iphoneos*]" = "iPhone Developer";
				COPY_PHASE_STRIP = NO;
				DEBUG_INFORMATION_FORMAT = "dwarf-with-dsym";
				ENABLE_NS_ASSERTIONS = NO;
				ENABLE_STRICT_OBJC_MSGSEND = YES;
				GCC_C_LANGUAGE_STANDARD = gnu99;
				GCC_NO_COMMON_BLOCKS = YES;
				GCC_WARN_64_TO_32_BIT_CONVERSION = YES;
				GCC_WARN_ABOUT_RETURN_TYPE = YES_ERROR;
				GCC_WARN_UNDECLARED_SELECTOR = YES;
				GCC_WARN_UNINITIALIZED_AUTOS = YES_AGGRESSIVE;
				GCC_WARN_UNUSED_FUNCTION = YES;
				GCC_WARN_UNUSED_VARIABLE = YES;
				IPHONEOS_DEPLOYMENT_TARGET = 8.3;
				MTL_ENABLE_DEBUG_INFO = NO;
				SDKROOT = iphoneos;
				VALIDATE_PRODUCT = YES;
			};
			name = Release;
		};
		67538F081B496E0000E7753D /* Debug */ = {
			isa = XCBuildConfiguration;
			buildSettings = {
				ASSETCATALOG_COMPILER_APPICON_NAME = AppIcon;
				INFOPLIST_FILE = DBFM/Info.plist;
				LD_RUNPATH_SEARCH_PATHS = "$(inherited) @executable_path/Frameworks";
				PRODUCT_NAME = "$(TARGET_NAME)";
			};
			name = Debug;
		};
		67538F091B496E0000E7753D /* Release */ = {
			isa = XCBuildConfiguration;
			buildSettings = {
				ASSETCATALOG_COMPILER_APPICON_NAME = AppIcon;
				INFOPLIST_FILE = DBFM/Info.plist;
				LD_RUNPATH_SEARCH_PATHS = "$(inherited) @executable_path/Frameworks";
				PRODUCT_NAME = "$(TARGET_NAME)";
			};
			name = Release;
		};
		67538F0B1B496E0000E7753D /* Debug */ = {
			isa = XCBuildConfiguration;
			buildSettings = {
				BUNDLE_LOADER = "$(TEST_HOST)";
				FRAMEWORK_SEARCH_PATHS = (
					"$(SDKROOT)/Developer/Library/Frameworks",
					"$(inherited)",
				);
				GCC_PREPROCESSOR_DEFINITIONS = (
					"DEBUG=1",
					"$(inherited)",
				);
				INFOPLIST_FILE = DBFMTests/Info.plist;
				LD_RUNPATH_SEARCH_PATHS = "$(inherited) @executable_path/Frameworks @loader_path/Frameworks";
				PRODUCT_NAME = "$(TARGET_NAME)";
				TEST_HOST = "$(BUILT_PRODUCTS_DIR)/DBFM.app/DBFM";
			};
			name = Debug;
		};
		67538F0C1B496E0000E7753D /* Release */ = {
			isa = XCBuildConfiguration;
			buildSettings = {
				BUNDLE_LOADER = "$(TEST_HOST)";
				FRAMEWORK_SEARCH_PATHS = (
					"$(SDKROOT)/Developer/Library/Frameworks",
					"$(inherited)",
				);
				INFOPLIST_FILE = DBFMTests/Info.plist;
				LD_RUNPATH_SEARCH_PATHS = "$(inherited) @executable_path/Frameworks @loader_path/Frameworks";
				PRODUCT_NAME = "$(TARGET_NAME)";
				TEST_HOST = "$(BUILT_PRODUCTS_DIR)/DBFM.app/DBFM";
			};
			name = Release;
		};
/* End XCBuildConfiguration section */

/* Begin XCConfigurationList section */
		67538EE31B496E0000E7753D /* Build configuration list for PBXProject "DBFM" */ = {
			isa = XCConfigurationList;
			buildConfigurations = (
				67538F051B496E0000E7753D /* Debug */,
				67538F061B496E0000E7753D /* Release */,
			);
			defaultConfigurationIsVisible = 0;
			defaultConfigurationName = Release;
		};
		67538F071B496E0000E7753D /* Build configuration list for PBXNativeTarget "DBFM" */ = {
			isa = XCConfigurationList;
			buildConfigurations = (
				67538F081B496E0000E7753D /* Debug */,
				67538F091B496E0000E7753D /* Release */,
			);
			defaultConfigurationIsVisible = 0;
			defaultConfigurationName = Release;
		};
		67538F0A1B496E0000E7753D /* Build configuration list for PBXNativeTarget "DBFMTests" */ = {
			isa = XCConfigurationList;
			buildConfigurations = (
				67538F0B1B496E0000E7753D /* Debug */,
				67538F0C1B496E0000E7753D /* Release */,
			);
			defaultConfigurationIsVisible = 0;
			defaultConfigurationName = Release;
		};
/* End XCConfigurationList section */
	};
	rootObject = 67538EE01B496E0000E7753D /* Project object */;
}
